
Microsoft Visual Studio Solution File, Format Version 12.00
# Visual Studio 15
VisualStudioVersion = 15.0.26730.16
MinimumVisualStudioVersion = 10.0.40219.1
Project("{FAE04EC0-301F-11D3-BF4B-00C04F79EFBC}") = "MvvmDialogs", "MvvmDialogs.csproj", "{6EE68BDD-0567-408E-B40B-74AFAF273302}"
EndProject
Global
	GlobalSection(SolutionConfigurationPlatforms) = preSolution
		Debug|Any CPU = Debug|Any CPU
		Release|Any CPU = Release|Any CPU
	EndGlobalSection
	GlobalSection(ProjectConfigurationPlatforms) = postSolution
		{6EE68BDD-0567-408E-B40B-74AFAF273302}.Debug|Any CPU.ActiveCfg = Debug|Any CPU
		{6EE68BDD-0567-408E-B40B-74AFAF273302}.Debug|Any CPU.Build.0 = Debug|Any CPU
		{6EE68BDD-0567-408E-B40B-74AFAF273302}.Release|Any CPU.ActiveCfg = Release|Any CPU
		{6EE68BDD-0567-408E-B40B-74AFAF273302}.Release|Any CPU.Build.0 = Release|Any CPU
	EndGlobalSection
	GlobalSection(SolutionProperties) = preSolution
		HideSolutionNode = FALSE
	EndGlobalSection
	GlobalSection(ExtensibilityGlobals) = postSolution
		SolutionGuid = {61B01EA4-CE63-46EA-8480-A0663E9F8FF3}
	EndGlobalSection
EndGlobal
